
Microsoft Visual Studio Solution File, Format Version 12.00
# Visual Studio Version 17
VisualStudioVersion = 17.14.36408.4 d17.14
MinimumVisualStudioVersion = 10.0.40219.1
Project("{FAE04EC0-301F-11D3-BF4B-00C04F79EFBC}") = "WorkTracker", "WorkTracker\WorkTracker.csproj", "{2FEAFE9E-BABE-4F08-AE07-3C488653026D}"
EndProject
Global
	GlobalSection(SolutionConfigurationPlatforms) = preSolution
		Debug|Any CPU = Debug|Any CPU
		Release|Any CPU = Release|Any CPU
	EndGlobalSection
	GlobalSection(ProjectConfigurationPlatforms) = postSolution
		{2FEAFE9E-BABE-4F08-AE07-3C488653026D}.Debug|Any CPU.ActiveCfg = Debug|Any CPU
		{2FEAFE9E-BABE-4F08-AE07-3C488653026D}.Debug|Any CPU.Build.0 = Debug|Any CPU
		{2FEAFE9E-BABE-4F08-AE07-3C488653026D}.Release|Any CPU.ActiveCfg = Release|Any CPU
		{2FEAFE9E-BABE-4F08-AE07-3C488653026D}.Release|Any CPU.Build.0 = Release|Any CPU
	EndGlobalSection
	GlobalSection(SolutionProperties) = preSolution
		HideSolutionNode = FALSE
	EndGlobalSection
	GlobalSection(ExtensibilityGlobals) = postSolution
		SolutionGuid = {42D2E3BC-76E2-4CEF-878B-5B30EA52B8F1}
	EndGlobalSection
EndGlobal
